
Microsoft Visual Studio Solution File, Format Version 12.00
# Visual Studio Version 17
VisualStudioVersion = 17.9.34728.123
MinimumVisualStudioVersion = 10.0.40219.1
Project("{FAE04EC0-301F-11D3-BF4B-00C04F79EFBC}") = "ProjektZero.Server", "ProjektZero.Server\ProjektZero.Server.csproj", "{287C1CD1-21C0-40BD-A82C-DA6A7D7CD369}"
EndProject
Project("{54A90642-561A-4BB1-A94E-469ADEE60C69}") = "projektzero.client", "projektzero.client\projektzero.client.esproj", "{917475F6-6D89-41A1-88DF-D8F4E0419DAF}"
EndProject
Global
	GlobalSection(SolutionConfigurationPlatforms) = preSolution
		Debug|Any CPU = Debug|Any CPU
		Release|Any CPU = Release|Any CPU
	EndGlobalSection
	GlobalSection(ProjectConfigurationPlatforms) = postSolution
		{287C1CD1-21C0-40BD-A82C-DA6A7D7CD369}.Debug|Any CPU.ActiveCfg = Debug|Any CPU
		{287C1CD1-21C0-40BD-A82C-DA6A7D7CD369}.Debug|Any CPU.Build.0 = Debug|Any CPU
		{287C1CD1-21C0-40BD-A82C-DA6A7D7CD369}.Release|Any CPU.ActiveCfg = Release|Any CPU
		{287C1CD1-21C0-40BD-A82C-DA6A7D7CD369}.Release|Any CPU.Build.0 = Release|Any CPU
		{917475F6-6D89-41A1-88DF-D8F4E0419DAF}.Debug|Any CPU.ActiveCfg = Debug|Any CPU
		{917475F6-6D89-41A1-88DF-D8F4E0419DAF}.Debug|Any CPU.Build.0 = Debug|Any CPU
		{917475F6-6D89-41A1-88DF-D8F4E0419DAF}.Debug|Any CPU.Deploy.0 = Debug|Any CPU
		{917475F6-6D89-41A1-88DF-D8F4E0419DAF}.Release|Any CPU.ActiveCfg = Release|Any CPU
		{917475F6-6D89-41A1-88DF-D8F4E0419DAF}.Release|Any CPU.Build.0 = Release|Any CPU
		{917475F6-6D89-41A1-88DF-D8F4E0419DAF}.Release|Any CPU.Deploy.0 = Release|Any CPU
	EndGlobalSection
	GlobalSection(SolutionProperties) = preSolution
		HideSolutionNode = FALSE
	EndGlobalSection
	GlobalSection(ExtensibilityGlobals) = postSolution
		SolutionGuid = {BA0E5C35-E427-4218-A767-A1B34458A70D}
	EndGlobalSection
EndGlobal
